// !$*UTF8*$!
{
	archiveVersion = 1;
	classes = {
	};
	objectVersion = 46;
	objects = {

/* Begin PBXAggregateTarget section */
		7A0FE9D0698540A9A5BA55DF /* ZERO_CHECK */ = {
			isa = PBXAggregateTarget;
			buildConfigurationList = 3BE818E50BFF4B739C159558 /* Build configuration list for PBXAggregateTarget "ZERO_CHECK" */;
			buildPhases = (
				045A9D8766474F1B9A2BB704 /* CMake Rules */,
			);
			dependencies = (
			);
			name = ZERO_CHECK;
			productName = ZERO_CHECK;
		};
		9FFAF0A3EBD1442090BCC5E6 /* ALL_BUILD */ = {
			isa = PBXAggregateTarget;
			buildConfigurationList = 20B20EDA7D884A0083DB4901 /* Build configuration list for PBXAggregateTarget "ALL_BUILD" */;
			buildPhases = (
				1F723F2C945C4B9D8E66B3D7 /* CMake Rules */,
			);
			dependencies = (
				EE96A80128EA4B7DBC18ADBD /* PBXTargetDependency */,
				41C5C6F4DD644EFDBD65392B /* PBXTargetDependency */,
			);
			name = ALL_BUILD;
			productName = ALL_BUILD;
		};
/* End PBXAggregateTarget section */

/* Begin PBXBuildFile section */
		31690EFC5EFE403BA550C6E6 /* /Users/Endymion/Documents/Udacity/Self-Driving Car Engineer/Projects/CarND-PID-Control-Project/CMakeLists.txt */ = {isa = PBXBuildFile; fileRef = EDE35FA6B4BE4712943B4677 /* /Users/Endymion/Documents/Udacity/Self-Driving Car Engineer/Projects/CarND-PID-Control-Project/CMakeLists.txt */; };
		47C515763AAB498A8D5A69BF /* /Users/Endymion/Documents/Udacity/Self-Driving Car Engineer/Projects/CarND-PID-Control-Project/src/PID.cpp */ = {isa = PBXBuildFile; fileRef = 6D623C99E8524EFAABA59BAB /* /Users/Endymion/Documents/Udacity/Self-Driving Car Engineer/Projects/CarND-PID-Control-Project/src/PID.cpp */; };
		FC7722D7119A4C028D228958 /* /Users/Endymion/Documents/Udacity/Self-Driving Car Engineer/Projects/CarND-PID-Control-Project/src/main.cpp */ = {isa = PBXBuildFile; fileRef = 1D07CF0C927548D0B42D0B1D /* /Users/Endymion/Documents/Udacity/Self-Driving Car Engineer/Projects/CarND-PID-Control-Project/src/main.cpp */; };
/* End PBXBuildFile section */

/* Begin PBXBuildStyle section */
		15955543B24043399E24178D /* Debug */ = {
			isa = PBXBuildStyle;
			buildSettings = {
				COPY_PHASE_STRIP = NO;
			};
			name = Debug;
		};
		32CACB28DA4E4B76BCD6FC50 /* RelWithDebInfo */ = {
			isa = PBXBuildStyle;
			buildSettings = {
				COPY_PHASE_STRIP = NO;
			};
			name = RelWithDebInfo;
		};
		DF04A9A4B14B4898A28BE98C /* MinSizeRel */ = {
			isa = PBXBuildStyle;
			buildSettings = {
				COPY_PHASE_STRIP = NO;
			};
			name = MinSizeRel;
		};
		FB6DFE85C2194DB5A3FE4417 /* Release */ = {
			isa = PBXBuildStyle;
			buildSettings = {
				COPY_PHASE_STRIP = NO;
			};
			name = Release;
		};
/* End PBXBuildStyle section */

/* Begin PBXContainerItemProxy section */
		27888BA9BDE64616B81F7AAF /* PBXContainerItemProxy */ = {
			isa = PBXContainerItemProxy;
			containerPortal = CBE09BBFD05C447EA43C3676 /* Project object */;
			proxyType = 1;
			remoteGlobalIDString = ECAF3956806F4BA58DDF4C4C;
			remoteInfo = pid;
		};
		D76D78E1B9FE44BB91017AE6 /* PBXContainerItemProxy */ = {
			isa = PBXContainerItemProxy;
			containerPortal = CBE09BBFD05C447EA43C3676 /* Project object */;
			proxyType = 1;
			remoteGlobalIDString = 7A0FE9D0698540A9A5BA55DF;
			remoteInfo = ZERO_CHECK;
		};
		FD210920B514437B83F82861 /* PBXContainerItemProxy */ = {
			isa = PBXContainerItemProxy;
			containerPortal = CBE09BBFD05C447EA43C3676 /* Project object */;
			proxyType = 1;
			remoteGlobalIDString = 7A0FE9D0698540A9A5BA55DF;
			remoteInfo = ZERO_CHECK;
		};
/* End PBXContainerItemProxy section */

/* Begin PBXFileReference section */
		1D07CF0C927548D0B42D0B1D /* /Users/Endymion/Documents/Udacity/Self-Driving Car Engineer/Projects/CarND-PID-Control-Project/src/main.cpp */ = {isa = PBXFileReference; explicitFileType = sourcecode.cpp.cpp; fileEncoding = 4; name = main.cpp; path = src/main.cpp; sourceTree = SOURCE_ROOT; };
		6D623C99E8524EFAABA59BAB /* /Users/Endymion/Documents/Udacity/Self-Driving Car Engineer/Projects/CarND-PID-Control-Project/src/PID.cpp */ = {isa = PBXFileReference; explicitFileType = sourcecode.cpp.cpp; fileEncoding = 4; name = PID.cpp; path = src/PID.cpp; sourceTree = SOURCE_ROOT; };
		98B32969F2D342D982EC4C60 /* pid */ = {isa = PBXFileReference; explicitFileType = "compiled.mach-o.executable"; path = pid; sourceTree = BUILT_PRODUCTS_DIR; };
		AF97A36F73874F0D9CA00F5F /* /Users/Endymion/Documents/Udacity/Self-Driving Car Engineer/Projects/CarND-PID-Control-Project/CMakeLists.txt */ = {isa = PBXFileReference; explicitFileType = sourcecode.text; fileEncoding = 4; name = CMakeLists.txt; path = CMakeLists.txt; sourceTree = SOURCE_ROOT; };
		EDE35FA6B4BE4712943B4677 /* /Users/Endymion/Documents/Udacity/Self-Driving Car Engineer/Projects/CarND-PID-Control-Project/CMakeLists.txt */ = {isa = PBXFileReference; explicitFileType = sourcecode.text; fileEncoding = 4; name = CMakeLists.txt; path = CMakeLists.txt; sourceTree = SOURCE_ROOT; };
/* End PBXFileReference section */

/* Begin PBXGroup section */
		8293785D9EA04020908DE446 /* Products */ = {
			isa = PBXGroup;
			children = (
				98B32969F2D342D982EC4C60 /* pid */,
			);
			name = Products;
			sourceTree = "<group>";
		};
		86661D50792944328326AE79 = {
			isa = PBXGroup;
			children = (
				C512DF1A5BC84505A72DFA2C /* pid */,
				CAD326C1FD5949038C962674 /* ALL_BUILD */,
				8293785D9EA04020908DE446 /* Products */,
			);
			sourceTree = "<group>";
		};
		B35A622A332F4457BB7E6514 /* Source Files */ = {
			isa = PBXGroup;
			children = (
				6D623C99E8524EFAABA59BAB /* /Users/Endymion/Documents/Udacity/Self-Driving Car Engineer/Projects/CarND-PID-Control-Project/src/PID.cpp */,
				1D07CF0C927548D0B42D0B1D /* /Users/Endymion/Documents/Udacity/Self-Driving Car Engineer/Projects/CarND-PID-Control-Project/src/main.cpp */,
			);
			name = "Source Files";
			sourceTree = "<group>";
		};
		C512DF1A5BC84505A72DFA2C /* pid */ = {
			isa = PBXGroup;
			children = (
				B35A622A332F4457BB7E6514 /* Source Files */,
				EDE35FA6B4BE4712943B4677 /* /Users/Endymion/Documents/Udacity/Self-Driving Car Engineer/Projects/CarND-PID-Control-Project/CMakeLists.txt */,
			);
			name = pid;
			sourceTree = "<group>";
		};
		CAD326C1FD5949038C962674 /* ALL_BUILD */ = {
			isa = PBXGroup;
			children = (
				D7D06618310D4EA385CA6F41 /* CMake Rules */,
				AF97A36F73874F0D9CA00F5F /* /Users/Endymion/Documents/Udacity/Self-Driving Car Engineer/Projects/CarND-PID-Control-Project/CMakeLists.txt */,
			);
			name = ALL_BUILD;
			sourceTree = "<group>";
		};
		D7D06618310D4EA385CA6F41 /* CMake Rules */ = {
			isa = PBXGroup;
			children = (
			);
			name = "CMake Rules";
			sourceTree = "<group>";
		};
/* End PBXGroup section */

/* Begin PBXNativeTarget section */
		ECAF3956806F4BA58DDF4C4C /* pid */ = {
			isa = PBXNativeTarget;
			buildConfigurationList = E5E951143CCB49F49CBD153E /* Build configuration list for PBXNativeTarget "pid" */;
			buildPhases = (
				977027C86AA94A698091CA88 /* Sources */,
			);
			buildRules = (
			);
			dependencies = (
				924C7C51597B4D8FBEE5ADFB /* PBXTargetDependency */,
			);
			name = pid;
			productName = pid;
			productReference = 98B32969F2D342D982EC4C60 /* pid */;
			productType = "com.apple.product-type.tool";
		};
/* End PBXNativeTarget section */

/* Begin PBXProject section */
		CBE09BBFD05C447EA43C3676 /* Project object */ = {
			isa = PBXProject;
			attributes = {
				BuildIndependentTargetsInParallel = YES;
				LastUpgradeCheck = 1120;
			};
			buildConfigurationList = 4D4B3A259BF54049BDBFDA4E /* Build configuration list for PBXProject "PID" */;
			buildSettings = {
			};
			buildStyles = (
				15955543B24043399E24178D /* Debug */,
				FB6DFE85C2194DB5A3FE4417 /* Release */,
				DF04A9A4B14B4898A28BE98C /* MinSizeRel */,
				32CACB28DA4E4B76BCD6FC50 /* RelWithDebInfo */,
			);
			compatibilityVersion = "Xcode 3.2";
			hasScannedForEncodings = 0;
			mainGroup = 86661D50792944328326AE79;
			projectDirPath = ../../;
			projectRoot = "";
			targets = (
				9FFAF0A3EBD1442090BCC5E6 /* ALL_BUILD */,
				7A0FE9D0698540A9A5BA55DF /* ZERO_CHECK */,
				ECAF3956806F4BA58DDF4C4C /* pid */,
			);
		};
/* End PBXProject section */

/* Begin PBXShellScriptBuildPhase section */
		045A9D8766474F1B9A2BB704 /* CMake Rules */ = {
			isa = PBXShellScriptBuildPhase;
			buildActionMask = 2147483647;
			files = (
			);
			name = "CMake Rules";
			runOnlyForDeploymentPostprocessing = 0;
			shellPath = /bin/sh;
			shellScript = "make -C /Users/Endymion/Documents/Udacity/Self-Driving\\ Car\\ Engineer/Projects/CarND-PID-Control-Project/ide_profiles/xcode -f /Users/Endymion/Documents/Udacity/Self-Driving\\ Car\\ Engineer/Projects/CarND-PID-Control-Project/ide_profiles/xcode/CMakeScripts/ZERO_CHECK_cmakeRulesBuildPhase.make$CONFIGURATION OBJDIR=$(basename \"$OBJECT_FILE_DIR_normal\") all";
			showEnvVarsInLog = 0;
		};
		1F723F2C945C4B9D8E66B3D7 /* CMake Rules */ = {
			isa = PBXShellScriptBuildPhase;
			buildActionMask = 2147483647;
			files = (
			);
			name = "CMake Rules";
			runOnlyForDeploymentPostprocessing = 0;
			shellPath = /bin/sh;
			shellScript = "make -C /Users/Endymion/Documents/Udacity/Self-Driving\\ Car\\ Engineer/Projects/CarND-PID-Control-Project/ide_profiles/xcode -f /Users/Endymion/Documents/Udacity/Self-Driving\\ Car\\ Engineer/Projects/CarND-PID-Control-Project/ide_profiles/xcode/CMakeScripts/ALL_BUILD_cmakeRulesBuildPhase.make$CONFIGURATION OBJDIR=$(basename \"$OBJECT_FILE_DIR_normal\") all";
			showEnvVarsInLog = 0;
		};
		3119400186DB4933834AF862 = {
			isa = PBXShellScriptBuildPhase;
			buildActionMask = 2147483647;
			files = (
			);
			inputPaths = (
			);
			outputPaths = (
			);
			runOnlyForDeploymentPostprocessing = 0;
			shellPath = /bin/sh;
			shellScript = "# shell script goes here
exit 0";
			showEnvVarsInLog = 0;
		};
		ED828238D8224DEAA737EDC9 = {
			isa = PBXShellScriptBuildPhase;
			buildActionMask = 2147483647;
			files = (
			);
			inputPaths = (
			);
			outputPaths = (
			);
			runOnlyForDeploymentPostprocessing = 0;
			shellPath = /bin/sh;
			shellScript = "# shell script goes here
exit 0";
			showEnvVarsInLog = 0;
		};
/* End PBXShellScriptBuildPhase section */

/* Begin PBXSourcesBuildPhase section */
		977027C86AA94A698091CA88 /* Sources */ = {
			isa = PBXSourcesBuildPhase;
			buildActionMask = 2147483647;
			files = (
				47C515763AAB498A8D5A69BF /* /Users/Endymion/Documents/Udacity/Self-Driving Car Engineer/Projects/CarND-PID-Control-Project/src/PID.cpp */,
				FC7722D7119A4C028D228958 /* /Users/Endymion/Documents/Udacity/Self-Driving Car Engineer/Projects/CarND-PID-Control-Project/src/main.cpp */,
			);
			runOnlyForDeploymentPostprocessing = 0;
		};
/* End PBXSourcesBuildPhase section */

/* Begin PBXTargetDependency section */
		41C5C6F4DD644EFDBD65392B /* PBXTargetDependency */ = {
			isa = PBXTargetDependency;
			target = 7A0FE9D0698540A9A5BA55DF /* ZERO_CHECK */;
			targetProxy = D76D78E1B9FE44BB91017AE6 /* PBXContainerItemProxy */;
		};
		924C7C51597B4D8FBEE5ADFB /* PBXTargetDependency */ = {
			isa = PBXTargetDependency;
			target = 7A0FE9D0698540A9A5BA55DF /* ZERO_CHECK */;
			targetProxy = FD210920B514437B83F82861 /* PBXContainerItemProxy */;
		};
		EE96A80128EA4B7DBC18ADBD /* PBXTargetDependency */ = {
			isa = PBXTargetDependency;
			target = ECAF3956806F4BA58DDF4C4C /* pid */;
			targetProxy = 27888BA9BDE64616B81F7AAF /* PBXContainerItemProxy */;
		};
/* End PBXTargetDependency section */

/* Begin XCBuildConfiguration section */
		01B67BA49410405AAF214CA8 /* Debug */ = {
			isa = XCBuildConfiguration;
			buildSettings = {
				COMBINE_HIDPI_IMAGES = YES;
				EXECUTABLE_PREFIX = "";
				EXECUTABLE_SUFFIX = "";
				GCC_GENERATE_DEBUGGING_SYMBOLS = YES;
				GCC_INLINES_ARE_PRIVATE_EXTERN = NO;
				GCC_OPTIMIZATION_LEVEL = 0;
				GCC_PREPROCESSOR_DEFINITIONS = ("'CMAKE_INTDIR=\"$(CONFIGURATION)$(EFFECTIVE_PLATFORM_NAME)\"'");
				GCC_SYMBOLS_PRIVATE_EXTERN = NO;
				HEADER_SEARCH_PATHS = (/usr/local/include,/usr/local/opt/openssl/include);
				INSTALL_PATH = "";
				LD_RUNPATH_SEARCH_PATHS = "/usr/local/lib /usr/local/opt/openssl/lib /usr/local/Cellar/libuv/1*/lib";
				LIBRARY_SEARCH_PATHS = " /usr/local/lib/$(CONFIGURATION)$(EFFECTIVE_PLATFORM_NAME) /usr/local/lib /usr/local/opt/openssl/lib/$(CONFIGURATION)$(EFFECTIVE_PLATFORM_NAME) /usr/local/opt/openssl/lib /usr/local/Cellar/libuv/1*/lib/$(CONFIGURATION)$(EFFECTIVE_PLATFORM_NAME) /usr/local/Cellar/libuv/1*/lib";
				OTHER_CPLUSPLUSFLAGS = "-Wall      -std=c++11";
				OTHER_LDFLAGS = " -Wl,-search_paths_first -Wl,-headerpad_max_install_names  -lz -lssl -luv -luWS";
				OTHER_REZFLAGS = "";
				PRODUCT_NAME = pid;
				SECTORDER_FLAGS = "";
				SYMROOT = "/Users/Endymion/Documents/Udacity/Self-Driving Car Engineer/Projects/CarND-PID-Control-Project/ide_profiles/xcode";
				USE_HEADERMAP = NO;
				WARNING_CFLAGS = ("-Wmost","-Wno-four-char-constants","-Wno-unknown-pragmas","$(inherited)");
			};
			name = Debug;
		};
		04C10C1B7F33409F8A82CB2F /* Release */ = {
			isa = XCBuildConfiguration;
			buildSettings = {
				COMBINE_HIDPI_IMAGES = YES;
				GCC_GENERATE_DEBUGGING_SYMBOLS = YES;
				GCC_INLINES_ARE_PRIVATE_EXTERN = NO;
				GCC_OPTIMIZATION_LEVEL = 0;
				GCC_PREPROCESSOR_DEFINITIONS = ("'CMAKE_INTDIR=\"$(CONFIGURATION)$(EFFECTIVE_PLATFORM_NAME)\"'");
				GCC_SYMBOLS_PRIVATE_EXTERN = NO;
				INSTALL_PATH = "";
				OTHER_LDFLAGS = " ";
				OTHER_REZFLAGS = "";
				PRODUCT_NAME = ZERO_CHECK;
				SECTORDER_FLAGS = "";
				SYMROOT = "/Users/Endymion/Documents/Udacity/Self-Driving Car Engineer/Projects/CarND-PID-Control-Project/ide_profiles/xcode";
				USE_HEADERMAP = NO;
				WARNING_CFLAGS = ("-Wmost","-Wno-four-char-constants","-Wno-unknown-pragmas","$(inherited)");
			};
			name = Release;
		};
		14A77D2A1A37432892F3F3EF /* MinSizeRel */ = {
			isa = XCBuildConfiguration;
			buildSettings = {
				COMBINE_HIDPI_IMAGES = YES;
				GCC_GENERATE_DEBUGGING_SYMBOLS = YES;
				GCC_INLINES_ARE_PRIVATE_EXTERN = NO;
				GCC_OPTIMIZATION_LEVEL = 0;
				GCC_PREPROCESSOR_DEFINITIONS = ("'CMAKE_INTDIR=\"$(CONFIGURATION)$(EFFECTIVE_PLATFORM_NAME)\"'");
				GCC_SYMBOLS_PRIVATE_EXTERN = NO;
				INSTALL_PATH = "";
				OTHER_LDFLAGS = " ";
				OTHER_REZFLAGS = "";
				PRODUCT_NAME = ALL_BUILD;
				SECTORDER_FLAGS = "";
				SYMROOT = "/Users/Endymion/Documents/Udacity/Self-Driving Car Engineer/Projects/CarND-PID-Control-Project/ide_profiles/xcode";
				USE_HEADERMAP = NO;
				WARNING_CFLAGS = ("-Wmost","-Wno-four-char-constants","-Wno-unknown-pragmas","$(inherited)");
			};
			name = MinSizeRel;
		};
		15638107F1D64700AC70C423 /* Release */ = {
			isa = XCBuildConfiguration;
			buildSettings = {
				ONLY_ACTIVE_ARCH = YES;
				SDKROOT = /Applications/Xcode.app/Contents/Developer/Platforms/MacOSX.platform/Developer/SDKs/MacOSX10.15.sdk;
				SYMROOT = "/Users/Endymion/Documents/Udacity/Self-Driving Car Engineer/Projects/CarND-PID-Control-Project/ide_profiles/xcode/build";
			};
			name = Release;
		};
		24F7AE964534428B91D9CDD2 /* Release */ = {
			isa = XCBuildConfiguration;
			buildSettings = {
				COMBINE_HIDPI_IMAGES = YES;
				GCC_GENERATE_DEBUGGING_SYMBOLS = YES;
				GCC_INLINES_ARE_PRIVATE_EXTERN = NO;
				GCC_OPTIMIZATION_LEVEL = 0;
				GCC_PREPROCESSOR_DEFINITIONS = ("'CMAKE_INTDIR=\"$(CONFIGURATION)$(EFFECTIVE_PLATFORM_NAME)\"'");
				GCC_SYMBOLS_PRIVATE_EXTERN = NO;
				INSTALL_PATH = "";
				OTHER_LDFLAGS = " ";
				OTHER_REZFLAGS = "";
				PRODUCT_NAME = ALL_BUILD;
				SECTORDER_FLAGS = "";
				SYMROOT = "/Users/Endymion/Documents/Udacity/Self-Driving Car Engineer/Projects/CarND-PID-Control-Project/ide_profiles/xcode";
				USE_HEADERMAP = NO;
				WARNING_CFLAGS = ("-Wmost","-Wno-four-char-constants","-Wno-unknown-pragmas","$(inherited)");
			};
			name = Release;
		};
		5255A262E8214B35934E4FFE /* Release */ = {
			isa = XCBuildConfiguration;
			buildSettings = {
				COMBINE_HIDPI_IMAGES = YES;
				EXECUTABLE_PREFIX = "";
				EXECUTABLE_SUFFIX = "";
				GCC_GENERATE_DEBUGGING_SYMBOLS = NO;
				GCC_INLINES_ARE_PRIVATE_EXTERN = NO;
				GCC_OPTIMIZATION_LEVEL = 3;
				GCC_PREPROCESSOR_DEFINITIONS = ("'CMAKE_INTDIR=\"$(CONFIGURATION)$(EFFECTIVE_PLATFORM_NAME)\"'");
				GCC_SYMBOLS_PRIVATE_EXTERN = NO;
				HEADER_SEARCH_PATHS = (/usr/local/include,/usr/local/opt/openssl/include);
				INSTALL_PATH = "";
				LD_RUNPATH_SEARCH_PATHS = "/usr/local/lib /usr/local/opt/openssl/lib /usr/local/Cellar/libuv/1*/lib";
				LIBRARY_SEARCH_PATHS = " /usr/local/lib/$(CONFIGURATION)$(EFFECTIVE_PLATFORM_NAME) /usr/local/lib /usr/local/opt/openssl/lib/$(CONFIGURATION)$(EFFECTIVE_PLATFORM_NAME) /usr/local/opt/openssl/lib /usr/local/Cellar/libuv/1*/lib/$(CONFIGURATION)$(EFFECTIVE_PLATFORM_NAME) /usr/local/Cellar/libuv/1*/lib";
				OTHER_CPLUSPLUSFLAGS = "-Wall     -DNDEBUG   -std=c++11";
				OTHER_LDFLAGS = " -Wl,-search_paths_first -Wl,-headerpad_max_install_names  -lz -lssl -luv -luWS";
				OTHER_REZFLAGS = "";
				PRODUCT_NAME = pid;
				SECTORDER_FLAGS = "";
				SYMROOT = "/Users/Endymion/Documents/Udacity/Self-Driving Car Engineer/Projects/CarND-PID-Control-Project/ide_profiles/xcode";
				USE_HEADERMAP = NO;
				WARNING_CFLAGS = ("-Wmost","-Wno-four-char-constants","-Wno-unknown-pragmas","$(inherited)");
			};
			name = Release;
		};
		620799E3322B40B5B137C9BB /* Debug */ = {
			isa = XCBuildConfiguration;
			buildSettings = {
				COMBINE_HIDPI_IMAGES = YES;
				GCC_GENERATE_DEBUGGING_SYMBOLS = YES;
				GCC_INLINES_ARE_PRIVATE_EXTERN = NO;
				GCC_OPTIMIZATION_LEVEL = 0;
				GCC_PREPROCESSOR_DEFINITIONS = ("'CMAKE_INTDIR=\"$(CONFIGURATION)$(EFFECTIVE_PLATFORM_NAME)\"'");
				GCC_SYMBOLS_PRIVATE_EXTERN = NO;
				INSTALL_PATH = "";
				OTHER_LDFLAGS = " ";
				OTHER_REZFLAGS = "";
				PRODUCT_NAME = ALL_BUILD;
				SECTORDER_FLAGS = "";
				SYMROOT = "/Users/Endymion/Documents/Udacity/Self-Driving Car Engineer/Projects/CarND-PID-Control-Project/ide_profiles/xcode";
				USE_HEADERMAP = NO;
				WARNING_CFLAGS = ("-Wmost","-Wno-four-char-constants","-Wno-unknown-pragmas","$(inherited)");
			};
			name = Debug;
		};
		6338B8A3A6104A09A8452099 /* RelWithDebInfo */ = {
			isa = XCBuildConfiguration;
			buildSettings = {
				ONLY_ACTIVE_ARCH = YES;
				SDKROOT = /Applications/Xcode.app/Contents/Developer/Platforms/MacOSX.platform/Developer/SDKs/MacOSX10.15.sdk;
				SYMROOT = "/Users/Endymion/Documents/Udacity/Self-Driving Car Engineer/Projects/CarND-PID-Control-Project/ide_profiles/xcode/build";
			};
			name = RelWithDebInfo;
		};
		76477BF397D64B88B31AB2AD /* RelWithDebInfo */ = {
			isa = XCBuildConfiguration;
			buildSettings = {
				COMBINE_HIDPI_IMAGES = YES;
				GCC_GENERATE_DEBUGGING_SYMBOLS = YES;
				GCC_INLINES_ARE_PRIVATE_EXTERN = NO;
				GCC_OPTIMIZATION_LEVEL = 0;
				GCC_PREPROCESSOR_DEFINITIONS = ("'CMAKE_INTDIR=\"$(CONFIGURATION)$(EFFECTIVE_PLATFORM_NAME)\"'");
				GCC_SYMBOLS_PRIVATE_EXTERN = NO;
				INSTALL_PATH = "";
				OTHER_LDFLAGS = " ";
				OTHER_REZFLAGS = "";
				PRODUCT_NAME = ZERO_CHECK;
				SECTORDER_FLAGS = "";
				SYMROOT = "/Users/Endymion/Documents/Udacity/Self-Driving Car Engineer/Projects/CarND-PID-Control-Project/ide_profiles/xcode";
				USE_HEADERMAP = NO;
				WARNING_CFLAGS = ("-Wmost","-Wno-four-char-constants","-Wno-unknown-pragmas","$(inherited)");
			};
			name = RelWithDebInfo;
		};
		949E3782D19F4F53AF9603AF /* MinSizeRel */ = {
			isa = XCBuildConfiguration;
			buildSettings = {
				ONLY_ACTIVE_ARCH = YES;
				SDKROOT = /Applications/Xcode.app/Contents/Developer/Platforms/MacOSX.platform/Developer/SDKs/MacOSX10.15.sdk;
				SYMROOT = "/Users/Endymion/Documents/Udacity/Self-Driving Car Engineer/Projects/CarND-PID-Control-Project/ide_profiles/xcode/build";
			};
			name = MinSizeRel;
		};
		A02F06740B4F47889B26818F /* MinSizeRel */ = {
			isa = XCBuildConfiguration;
			buildSettings = {
				COMBINE_HIDPI_IMAGES = YES;
				GCC_GENERATE_DEBUGGING_SYMBOLS = YES;
				GCC_INLINES_ARE_PRIVATE_EXTERN = NO;
				GCC_OPTIMIZATION_LEVEL = 0;
				GCC_PREPROCESSOR_DEFINITIONS = ("'CMAKE_INTDIR=\"$(CONFIGURATION)$(EFFECTIVE_PLATFORM_NAME)\"'");
				GCC_SYMBOLS_PRIVATE_EXTERN = NO;
				INSTALL_PATH = "";
				OTHER_LDFLAGS = " ";
				OTHER_REZFLAGS = "";
				PRODUCT_NAME = ZERO_CHECK;
				SECTORDER_FLAGS = "";
				SYMROOT = "/Users/Endymion/Documents/Udacity/Self-Driving Car Engineer/Projects/CarND-PID-Control-Project/ide_profiles/xcode";
				USE_HEADERMAP = NO;
				WARNING_CFLAGS = ("-Wmost","-Wno-four-char-constants","-Wno-unknown-pragmas","$(inherited)");
			};
			name = MinSizeRel;
		};
		CBAB9800D6814A3DA2DF419A /* RelWithDebInfo */ = {
			isa = XCBuildConfiguration;
			buildSettings = {
				COMBINE_HIDPI_IMAGES = YES;
				GCC_GENERATE_DEBUGGING_SYMBOLS = YES;
				GCC_INLINES_ARE_PRIVATE_EXTERN = NO;
				GCC_OPTIMIZATION_LEVEL = 0;
				GCC_PREPROCESSOR_DEFINITIONS = ("'CMAKE_INTDIR=\"$(CONFIGURATION)$(EFFECTIVE_PLATFORM_NAME)\"'");
				GCC_SYMBOLS_PRIVATE_EXTERN = NO;
				INSTALL_PATH = "";
				OTHER_LDFLAGS = " ";
				OTHER_REZFLAGS = "";
				PRODUCT_NAME = ALL_BUILD;
				SECTORDER_FLAGS = "";
				SYMROOT = "/Users/Endymion/Documents/Udacity/Self-Driving Car Engineer/Projects/CarND-PID-Control-Project/ide_profiles/xcode";
				USE_HEADERMAP = NO;
				WARNING_CFLAGS = ("-Wmost","-Wno-four-char-constants","-Wno-unknown-pragmas","$(inherited)");
			};
			name = RelWithDebInfo;
		};
		CE9890437C0E433492EBA20E /* RelWithDebInfo */ = {
			isa = XCBuildConfiguration;
			buildSettings = {
				COMBINE_HIDPI_IMAGES = YES;
				EXECUTABLE_PREFIX = "";
				EXECUTABLE_SUFFIX = "";
				GCC_GENERATE_DEBUGGING_SYMBOLS = YES;
				GCC_INLINES_ARE_PRIVATE_EXTERN = NO;
				GCC_OPTIMIZATION_LEVEL = 2;
				GCC_PREPROCESSOR_DEFINITIONS = ("'CMAKE_INTDIR=\"$(CONFIGURATION)$(EFFECTIVE_PLATFORM_NAME)\"'");
				GCC_SYMBOLS_PRIVATE_EXTERN = NO;
				HEADER_SEARCH_PATHS = (/usr/local/include,/usr/local/opt/openssl/include);
				INSTALL_PATH = "";
				LD_RUNPATH_SEARCH_PATHS = "/usr/local/lib /usr/local/opt/openssl/lib /usr/local/Cellar/libuv/1*/lib";
				LIBRARY_SEARCH_PATHS = " /usr/local/lib/$(CONFIGURATION)$(EFFECTIVE_PLATFORM_NAME) /usr/local/lib /usr/local/opt/openssl/lib/$(CONFIGURATION)$(EFFECTIVE_PLATFORM_NAME) /usr/local/opt/openssl/lib /usr/local/Cellar/libuv/1*/lib/$(CONFIGURATION)$(EFFECTIVE_PLATFORM_NAME) /usr/local/Cellar/libuv/1*/lib";
				OTHER_CPLUSPLUSFLAGS = "-Wall        -DNDEBUG   -std=c++11";
				OTHER_LDFLAGS = " -Wl,-search_paths_first -Wl,-headerpad_max_install_names  -lz -lssl -luv -luWS";
				OTHER_REZFLAGS = "";
				PRODUCT_NAME = pid;
				SECTORDER_FLAGS = "";
				SYMROOT = "/Users/Endymion/Documents/Udacity/Self-Driving Car Engineer/Projects/CarND-PID-Control-Project/ide_profiles/xcode";
				USE_HEADERMAP = NO;
				WARNING_CFLAGS = ("-Wmost","-Wno-four-char-constants","-Wno-unknown-pragmas","$(inherited)");
			};
			name = RelWithDebInfo;
		};
		DAA33994E2CF462D86F6308E /* MinSizeRel */ = {
			isa = XCBuildConfiguration;
			buildSettings = {
				COMBINE_HIDPI_IMAGES = YES;
				EXECUTABLE_PREFIX = "";
				EXECUTABLE_SUFFIX = "";
				GCC_GENERATE_DEBUGGING_SYMBOLS = NO;
				GCC_INLINES_ARE_PRIVATE_EXTERN = NO;
				GCC_OPTIMIZATION_LEVEL = s;
				GCC_PREPROCESSOR_DEFINITIONS = ("'CMAKE_INTDIR=\"$(CONFIGURATION)$(EFFECTIVE_PLATFORM_NAME)\"'");
				GCC_SYMBOLS_PRIVATE_EXTERN = NO;
				HEADER_SEARCH_PATHS = (/usr/local/include,/usr/local/opt/openssl/include);
				INSTALL_PATH = "";
				LD_RUNPATH_SEARCH_PATHS = "/usr/local/lib /usr/local/opt/openssl/lib /usr/local/Cellar/libuv/1*/lib";
				LIBRARY_SEARCH_PATHS = " /usr/local/lib/$(CONFIGURATION)$(EFFECTIVE_PLATFORM_NAME) /usr/local/lib /usr/local/opt/openssl/lib/$(CONFIGURATION)$(EFFECTIVE_PLATFORM_NAME) /usr/local/opt/openssl/lib /usr/local/Cellar/libuv/1*/lib/$(CONFIGURATION)$(EFFECTIVE_PLATFORM_NAME) /usr/local/Cellar/libuv/1*/lib";
				OTHER_CPLUSPLUSFLAGS = "-Wall     -DNDEBUG   -std=c++11";
				OTHER_LDFLAGS = " -Wl,-search_paths_first -Wl,-headerpad_max_install_names  -lz -lssl -luv -luWS";
				OTHER_REZFLAGS = "";
				PRODUCT_NAME = pid;
				SECTORDER_FLAGS = "";
				SYMROOT = "/Users/Endymion/Documents/Udacity/Self-Driving Car Engineer/Projects/CarND-PID-Control-Project/ide_profiles/xcode";
				USE_HEADERMAP = NO;
				WARNING_CFLAGS = ("-Wmost","-Wno-four-char-constants","-Wno-unknown-pragmas","$(inherited)");
			};
			name = MinSizeRel;
		};
		F4BCFEEE5FB946E29315E14B /* Debug */ = {
			isa = XCBuildConfiguration;
			buildSettings = {
				ONLY_ACTIVE_ARCH = YES;
				SDKROOT = /Applications/Xcode.app/Contents/Developer/Platforms/MacOSX.platform/Developer/SDKs/MacOSX10.15.sdk;
				SYMROOT = "/Users/Endymion/Documents/Udacity/Self-Driving Car Engineer/Projects/CarND-PID-Control-Project/ide_profiles/xcode/build";
			};
			name = Debug;
		};
		FCA89DFF275E4ECBA8E5D85D /* Debug */ = {
			isa = XCBuildConfiguration;
			buildSettings = {
				COMBINE_HIDPI_IMAGES = YES;
				GCC_GENERATE_DEBUGGING_SYMBOLS = YES;
				GCC_INLINES_ARE_PRIVATE_EXTERN = NO;
				GCC_OPTIMIZATION_LEVEL = 0;
				GCC_PREPROCESSOR_DEFINITIONS = ("'CMAKE_INTDIR=\"$(CONFIGURATION)$(EFFECTIVE_PLATFORM_NAME)\"'");
				GCC_SYMBOLS_PRIVATE_EXTERN = NO;
				INSTALL_PATH = "";
				OTHER_LDFLAGS = " ";
				OTHER_REZFLAGS = "";
				PRODUCT_NAME = ZERO_CHECK;
				SECTORDER_FLAGS = "";
				SYMROOT = "/Users/Endymion/Documents/Udacity/Self-Driving Car Engineer/Projects/CarND-PID-Control-Project/ide_profiles/xcode";
				USE_HEADERMAP = NO;
				WARNING_CFLAGS = ("-Wmost","-Wno-four-char-constants","-Wno-unknown-pragmas","$(inherited)");
			};
			name = Debug;
		};
/* End XCBuildConfiguration section */

/* Begin XCConfigurationList section */
		20B20EDA7D884A0083DB4901 /* Build configuration list for PBXAggregateTarget "ALL_BUILD" */ = {
			isa = XCConfigurationList;
			buildConfigurations = (
				620799E3322B40B5B137C9BB /* Debug */,
				24F7AE964534428B91D9CDD2 /* Release */,
				14A77D2A1A37432892F3F3EF /* MinSizeRel */,
				CBAB9800D6814A3DA2DF419A /* RelWithDebInfo */,
			);
			defaultConfigurationIsVisible = 0;
			defaultConfigurationName = Debug;
		};
		3BE818E50BFF4B739C159558 /* Build configuration list for PBXAggregateTarget "ZERO_CHECK" */ = {
			isa = XCConfigurationList;
			buildConfigurations = (
				FCA89DFF275E4ECBA8E5D85D /* Debug */,
				04C10C1B7F33409F8A82CB2F /* Release */,
				A02F06740B4F47889B26818F /* MinSizeRel */,
				76477BF397D64B88B31AB2AD /* RelWithDebInfo */,
			);
			defaultConfigurationIsVisible = 0;
			defaultConfigurationName = Debug;
		};
		4D4B3A259BF54049BDBFDA4E /* Build configuration list for PBXProject "PID" */ = {
			isa = XCConfigurationList;
			buildConfigurations = (
				F4BCFEEE5FB946E29315E14B /* Debug */,
				15638107F1D64700AC70C423 /* Release */,
				949E3782D19F4F53AF9603AF /* MinSizeRel */,
				6338B8A3A6104A09A8452099 /* RelWithDebInfo */,
			);
			defaultConfigurationIsVisible = 0;
			defaultConfigurationName = Debug;
		};
		E5E951143CCB49F49CBD153E /* Build configuration list for PBXNativeTarget "pid" */ = {
			isa = XCConfigurationList;
			buildConfigurations = (
				01B67BA49410405AAF214CA8 /* Debug */,
				5255A262E8214B35934E4FFE /* Release */,
				DAA33994E2CF462D86F6308E /* MinSizeRel */,
				CE9890437C0E433492EBA20E /* RelWithDebInfo */,
			);
			defaultConfigurationIsVisible = 0;
			defaultConfigurationName = Debug;
		};
/* End XCConfigurationList section */
	};
	rootObject = CBE09BBFD05C447EA43C3676 /* Project object */;
}
